
Microsoft Visual Studio Solution File, Format Version 12.00
# Visual Studio Version 17
VisualStudioVersion = 17.8.34205.153
MinimumVisualStudioVersion = 10.0.40219.1
Project("{FAE04EC0-301F-11D3-BF4B-00C04F79EFBC}") = "ModalThemeBug", "ModalThemeBug.csproj", "{92572F6F-AAF6-4EC8-B33A-FAB87C0A139B}"
EndProject
Global
	GlobalSection(SolutionConfigurationPlatforms) = preSolution
		Debug|Any CPU = Debug|Any CPU
		Release|Any CPU = Release|Any CPU
	EndGlobalSection
	GlobalSection(ProjectConfigurationPlatforms) = postSolution
		{92572F6F-AAF6-4EC8-B33A-FAB87C0A139B}.Debug|Any CPU.ActiveCfg = Debug|Any CPU
		{92572F6F-AAF6-4EC8-B33A-FAB87C0A139B}.Debug|Any CPU.Build.0 = Debug|Any CPU
		{92572F6F-AAF6-4EC8-B33A-FAB87C0A139B}.Debug|Any CPU.Deploy.0 = Debug|Any CPU
		{92572F6F-AAF6-4EC8-B33A-FAB87C0A139B}.Release|Any CPU.ActiveCfg = Release|Any CPU
		{92572F6F-AAF6-4EC8-B33A-FAB87C0A139B}.Release|Any CPU.Build.0 = Release|Any CPU
		{92572F6F-AAF6-4EC8-B33A-FAB87C0A139B}.Release|Any CPU.Deploy.0 = Release|Any CPU
	EndGlobalSection
	GlobalSection(SolutionProperties) = preSolution
		HideSolutionNode = FALSE
	EndGlobalSection
	GlobalSection(ExtensibilityGlobals) = postSolution
		SolutionGuid = {4F2C44A2-23DE-4732-BC35-D7EF28EC4B26}
	EndGlobalSection
EndGlobal
